// !$*UTF8*$!
{
	archiveVersion = 1;
	classes = {
	};
	objectVersion = 56;
	objects = {

/* Begin PBXBuildFile section */
		8E0CC572291F12340087519D /* CompletionFormView.swift in Sources */ = {isa = PBXBuildFile; fileRef = 8E0CC571291F12340087519D /* CompletionFormView.swift */; };
		8E1623CB28D9217900D5F72E /* TouchSkyApp.swift in Sources */ = {isa = PBXBuildFile; fileRef = 8E1623CA28D9217900D5F72E /* TouchSkyApp.swift */; };
		8E1623CD28D9217900D5F72E /* HomeView.swift in Sources */ = {isa = PBXBuildFile; fileRef = 8E1623CC28D9217900D5F72E /* HomeView.swift */; };
		8E1623CF28D9217A00D5F72E /* Assets.xcassets in Resources */ = {isa = PBXBuildFile; fileRef = 8E1623CE28D9217A00D5F72E /* Assets.xcassets */; };
		8E1623D228D9217A00D5F72E /* Preview Assets.xcassets in Resources */ = {isa = PBXBuildFile; fileRef = 8E1623D128D9217A00D5F72E /* Preview Assets.xcassets */; };
		8E1623DB28D921E300D5F72E /* PeakDetail.swift in Sources */ = {isa = PBXBuildFile; fileRef = 8E1623DA28D921E300D5F72E /* PeakDetail.swift */; };
		8E1623DD28D9220100D5F72E /* PeakRow.swift in Sources */ = {isa = PBXBuildFile; fileRef = 8E1623DC28D9220100D5F72E /* PeakRow.swift */; };
		8E1623DF28D9222500D5F72E /* RectangleImage.swift in Sources */ = {isa = PBXBuildFile; fileRef = 8E1623DE28D9222500D5F72E /* RectangleImage.swift */; };
		8E1623E128D9226500D5F72E /* Peak.swift in Sources */ = {isa = PBXBuildFile; fileRef = 8E1623E028D9226500D5F72E /* Peak.swift */; };
		8E1623E328D923E500D5F72E /* peakData.json in Resources */ = {isa = PBXBuildFile; fileRef = 8E1623E228D923E500D5F72E /* peakData.json */; };
		8E1623E528D923FC00D5F72E /* ModelData.swift in Sources */ = {isa = PBXBuildFile; fileRef = 8E1623E428D923FC00D5F72E /* ModelData.swift */; };
		8E33543028FE047500D0C66E /* PeakAnnotationView.swift in Sources */ = {isa = PBXBuildFile; fileRef = 8E33542F28FE047500D0C66E /* PeakAnnotationView.swift */; };
		8E8C66A328EB70C100411583 /* Quicksand-Regular.ttf in Resources */ = {isa = PBXBuildFile; fileRef = 8E8C66A228EB70C100411583 /* Quicksand-Regular.ttf */; };
		8EBEC32A2909DC710094E7B8 /* ToDoButton.swift in Sources */ = {isa = PBXBuildFile; fileRef = 8EBEC3292909DC710094E7B8 /* ToDoButton.swift */; };
		8EBEC32C2909DF8F0094E7B8 /* CompletedButton.swift in Sources */ = {isa = PBXBuildFile; fileRef = 8EBEC32B2909DF8F0094E7B8 /* CompletedButton.swift */; };
		8EE881C429383A34001D965D /* Launch Screen.storyboard in Resources */ = {isa = PBXBuildFile; fileRef = 8EE881C329383A34001D965D /* Launch Screen.storyboard */; };
		8EE95F2028E254B1008CF500 /* SlidingTabView in Frameworks */ = {isa = PBXBuildFile; productRef = 8EE95F1F28E254B1008CF500 /* SlidingTabView */; };
		8EE95F2228E255BA008CF500 /* Home.swift in Sources */ = {isa = PBXBuildFile; fileRef = 8EE95F2128E255BA008CF500 /* Home.swift */; };
		8EE95F2428E25D7E008CF500 /* ListTab.swift in Sources */ = {isa = PBXBuildFile; fileRef = 8EE95F2328E25D7E008CF500 /* ListTab.swift */; };
		8EE95F2628E25E49008CF500 /* MapView.swift in Sources */ = {isa = PBXBuildFile; fileRef = 8EE95F2528E25E49008CF500 /* MapView.swift */; };
/* End PBXBuildFile section */

/* Begin PBXFileReference section */
		8E0CC571291F12340087519D /* CompletionFormView.swift */ = {isa = PBXFileReference; lastKnownFileType = sourcecode.swift; path = CompletionFormView.swift; sourceTree = "<group>"; };
		8E1623C728D9217900D5F72E /* TouchSky.app */ = {isa = PBXFileReference; explicitFileType = wrapper.application; includeInIndex = 0; path = TouchSky.app; sourceTree = BUILT_PRODUCTS_DIR; };
		8E1623CA28D9217900D5F72E /* TouchSkyApp.swift */ = {isa = PBXFileReference; lastKnownFileType = sourcecode.swift; path = TouchSkyApp.swift; sourceTree = "<group>"; };
		8E1623CC28D9217900D5F72E /* HomeView.swift */ = {isa = PBXFileReference; lastKnownFileType = sourcecode.swift; path = HomeView.swift; sourceTree = "<group>"; };
		8E1623CE28D9217A00D5F72E /* Assets.xcassets */ = {isa = PBXFileReference; lastKnownFileType = folder.assetcatalog; path = Assets.xcassets; sourceTree = "<group>"; };
		8E1623D128D9217A00D5F72E /* Preview Assets.xcassets */ = {isa = PBXFileReference; lastKnownFileType = folder.assetcatalog; path = "Preview Assets.xcassets"; sourceTree = "<group>"; };
		8E1623DA28D921E300D5F72E /* PeakDetail.swift */ = {isa = PBXFileReference; lastKnownFileType = sourcecode.swift; path = PeakDetail.swift; sourceTree = "<group>"; };
		8E1623DC28D9220100D5F72E /* PeakRow.swift */ = {isa = PBXFileReference; lastKnownFileType = sourcecode.swift; path = PeakRow.swift; sourceTree = "<group>"; };
		8E1623DE28D9222500D5F72E /* RectangleImage.swift */ = {isa = PBXFileReference; lastKnownFileType = sourcecode.swift; path = RectangleImage.swift; sourceTree = "<group>"; };
		8E1623E028D9226500D5F72E /* Peak.swift */ = {isa = PBXFileReference; lastKnownFileType = sourcecode.swift; path = Peak.swift; sourceTree = "<group>"; };
		8E1623E228D923E500D5F72E /* peakData.json */ = {isa = PBXFileReference; fileEncoding = 4; lastKnownFileType = text.json; path = peakData.json; sourceTree = "<group>"; };
		8E1623E428D923FC00D5F72E /* ModelData.swift */ = {isa = PBXFileReference; lastKnownFileType = sourcecode.swift; path = ModelData.swift; sourceTree = "<group>"; };
		8E33542F28FE047500D0C66E /* PeakAnnotationView.swift */ = {isa = PBXFileReference; lastKnownFileType = sourcecode.swift; path = PeakAnnotationView.swift; sourceTree = "<group>"; };
		8E8C66A228EB70C100411583 /* Quicksand-Regular.ttf */ = {isa = PBXFileReference; lastKnownFileType = file; path = "Quicksand-Regular.ttf"; sourceTree = "<group>"; };
		8E8C66A428EB715800411583 /* Info.plist */ = {isa = PBXFileReference; lastKnownFileType = text.plist; path = Info.plist; sourceTree = "<group>"; };
		8EBEC3292909DC710094E7B8 /* ToDoButton.swift */ = {isa = PBXFileReference; lastKnownFileType = sourcecode.swift; path = ToDoButton.swift; sourceTree = "<group>"; };
		8EBEC32B2909DF8F0094E7B8 /* CompletedButton.swift */ = {isa = PBXFileReference; lastKnownFileType = sourcecode.swift; path = CompletedButton.swift; sourceTree = "<group>"; };
		8EE881C329383A34001D965D /* Launch Screen.storyboard */ = {isa = PBXFileReference; lastKnownFileType = file.storyboard; path = "Launch Screen.storyboard"; sourceTree = "<group>"; };
		8EE95F2128E255BA008CF500 /* Home.swift */ = {isa = PBXFileReference; lastKnownFileType = sourcecode.swift; path = Home.swift; sourceTree = "<group>"; };
		8EE95F2328E25D7E008CF500 /* ListTab.swift */ = {isa = PBXFileReference; lastKnownFileType = sourcecode.swift; path = ListTab.swift; sourceTree = "<group>"; };
		8EE95F2528E25E49008CF500 /* MapView.swift */ = {isa = PBXFileReference; lastKnownFileType = sourcecode.swift; path = MapView.swift; sourceTree = "<group>"; };
/* End PBXFileReference section */

/* Begin PBXFrameworksBuildPhase section */
		8E1623C428D9217900D5F72E /* Frameworks */ = {
			isa = PBXFrameworksBuildPhase;
			buildActionMask = 2147483647;
			files = (
				8EE95F2028E254B1008CF500 /* SlidingTabView in Frameworks */,
			);
			runOnlyForDeploymentPostprocessing = 0;
		};
/* End PBXFrameworksBuildPhase section */

/* Begin PBXGroup section */
		8E1623BE28D9217900D5F72E = {
			isa = PBXGroup;
			children = (
				8E1623C928D9217900D5F72E /* TouchSky */,
				8E1623C828D9217900D5F72E /* Products */,
			);
			sourceTree = "<group>";
		};
		8E1623C828D9217900D5F72E /* Products */ = {
			isa = PBXGroup;
			children = (
				8E1623C728D9217900D5F72E /* TouchSky.app */,
			);
			name = Products;
			sourceTree = "<group>";
		};
		8E1623C928D9217900D5F72E /* TouchSky */ = {
			isa = PBXGroup;
			children = (
				8E8C66A428EB715800411583 /* Info.plist */,
				8E8C66A228EB70C100411583 /* Quicksand-Regular.ttf */,
				8E1623CA28D9217900D5F72E /* TouchSkyApp.swift */,
				8E1623E628D9251A00D5F72E /* Views */,
				8E1623E728D9253200D5F72E /* Models */,
				8E1623E828D9254600D5F72E /* Resources */,
				8E1623CE28D9217A00D5F72E /* Assets.xcassets */,
				8EE881C329383A34001D965D /* Launch Screen.storyboard */,
				8E1623D028D9217A00D5F72E /* Preview Content */,
			);
			path = TouchSky;
			sourceTree = "<group>";
		};
		8E1623D028D9217A00D5F72E /* Preview Content */ = {
			isa = PBXGroup;
			children = (
				8E1623D128D9217A00D5F72E /* Preview Assets.xcassets */,
			);
			path = "Preview Content";
			sourceTree = "<group>";
		};
		8E1623E628D9251A00D5F72E /* Views */ = {
			isa = PBXGroup;
			children = (
				8E1623CC28D9217900D5F72E /* HomeView.swift */,
				8EBEC3292909DC710094E7B8 /* ToDoButton.swift */,
				8EBEC32B2909DF8F0094E7B8 /* CompletedButton.swift */,
				8EE95F2528E25E49008CF500 /* MapView.swift */,
				8E33542F28FE047500D0C66E /* PeakAnnotationView.swift */,
				8EE95F2328E25D7E008CF500 /* ListTab.swift */,
				8EE95F2128E255BA008CF500 /* Home.swift */,
				8E1623DA28D921E300D5F72E /* PeakDetail.swift */,
				8E1623DC28D9220100D5F72E /* PeakRow.swift */,
				8E1623DE28D9222500D5F72E /* RectangleImage.swift */,
				8E0CC571291F12340087519D /* CompletionFormView.swift */,
			);
			path = Views;
			sourceTree = "<group>";
		};
		8E1623E728D9253200D5F72E /* Models */ = {
			isa = PBXGroup;
			children = (
				8E1623E428D923FC00D5F72E /* ModelData.swift */,
				8E1623E028D9226500D5F72E /* Peak.swift */,
			);
			path = Models;
			sourceTree = "<group>";
		};
		8E1623E828D9254600D5F72E /* Resources */ = {
			isa = PBXGroup;
			children = (
				8E1623E228D923E500D5F72E /* peakData.json */,
			);
			path = Resources;
			sourceTree = "<group>";
		};
/* End PBXGroup section */

/* Begin PBXNativeTarget section */
		8E1623C628D9217900D5F72E /* TouchSky */ = {
			isa = PBXNativeTarget;
			buildConfigurationList = 8E1623D528D9217A00D5F72E /* Build configuration list for PBXNativeTarget "TouchSky" */;
			buildPhases = (
				8E1623C328D9217900D5F72E /* Sources */,
				8E1623C428D9217900D5F72E /* Frameworks */,
				8E1623C528D9217900D5F72E /* Resources */,
			);
			buildRules = (
			);
			dependencies = (
			);
			name = TouchSky;
			packageProductDependencies = (
				8EE95F1F28E254B1008CF500 /* SlidingTabView */,
			);
			productName = TouchSky;
			productReference = 8E1623C728D9217900D5F72E /* TouchSky.app */;
			productType = "com.apple.product-type.application";
		};
/* End PBXNativeTarget section */

/* Begin PBXProject section */
		8E1623BF28D9217900D5F72E /* Project object */ = {
			isa = PBXProject;
			attributes = {
				BuildIndependentTargetsInParallel = 1;
				LastSwiftUpdateCheck = 1400;
				LastUpgradeCheck = 1400;
				TargetAttributes = {
					8E1623C628D9217900D5F72E = {
						CreatedOnToolsVersion = 14.0;
					};
				};
			};
			buildConfigurationList = 8E1623C228D9217900D5F72E /* Build configuration list for PBXProject "TouchSky" */;
			compatibilityVersion = "Xcode 14.0";
			developmentRegion = en;
			hasScannedForEncodings = 0;
			knownRegions = (
				en,
				Base,
			);
			mainGroup = 8E1623BE28D9217900D5F72E;
			packageReferences = (
				8EE95F1E28E254B1008CF500 /* XCRemoteSwiftPackageReference "SlidingTabView" */,
			);
			productRefGroup = 8E1623C828D9217900D5F72E /* Products */;
			projectDirPath = "";
			projectRoot = "";
			targets = (
				8E1623C628D9217900D5F72E /* TouchSky */,
			);
		};
/* End PBXProject section */

/* Begin PBXResourcesBuildPhase section */
		8E1623C528D9217900D5F72E /* Resources */ = {
			isa = PBXResourcesBuildPhase;
			buildActionMask = 2147483647;
			files = (
				8E1623E328D923E500D5F72E /* peakData.json in Resources */,
				8E1623D228D9217A00D5F72E /* Preview Assets.xcassets in Resources */,
				8E1623CF28D9217A00D5F72E /* Assets.xcassets in Resources */,
				8EE881C429383A34001D965D /* Launch Screen.storyboard in Resources */,
				8E8C66A328EB70C100411583 /* Quicksand-Regular.ttf in Resources */,
			);
			runOnlyForDeploymentPostprocessing = 0;
		};
/* End PBXResourcesBuildPhase section */

/* Begin PBXSourcesBuildPhase section */
		8E1623C328D9217900D5F72E /* Sources */ = {
			isa = PBXSourcesBuildPhase;
			buildActionMask = 2147483647;
			files = (
				8E1623DF28D9222500D5F72E /* RectangleImage.swift in Sources */,
				8E1623CD28D9217900D5F72E /* HomeView.swift in Sources */,
				8E0CC572291F12340087519D /* CompletionFormView.swift in Sources */,
				8EE95F2628E25E49008CF500 /* MapView.swift in Sources */,
				8E1623E128D9226500D5F72E /* Peak.swift in Sources */,
				8EE95F2228E255BA008CF500 /* Home.swift in Sources */,
				8EBEC32A2909DC710094E7B8 /* ToDoButton.swift in Sources */,
				8E33543028FE047500D0C66E /* PeakAnnotationView.swift in Sources */,
				8EBEC32C2909DF8F0094E7B8 /* CompletedButton.swift in Sources */,
				8EE95F2428E25D7E008CF500 /* ListTab.swift in Sources */,
				8E1623DD28D9220100D5F72E /* PeakRow.swift in Sources */,
				8E1623E528D923FC00D5F72E /* ModelData.swift in Sources */,
				8E1623CB28D9217900D5F72E /* TouchSkyApp.swift in Sources */,
				8E1623DB28D921E300D5F72E /* PeakDetail.swift in Sources */,
			);
			runOnlyForDeploymentPostprocessing = 0;
		};
/* End PBXSourcesBuildPhase section */

/* Begin XCBuildConfiguration section */
		8E1623D328D9217A00D5F72E /* Debug */ = {
			isa = XCBuildConfiguration;
			buildSettings = {
				ALWAYS_SEARCH_USER_PATHS = NO;
				CLANG_ANALYZER_NONNULL = YES;
				CLANG_ANALYZER_NUMBER_OBJECT_CONVERSION = YES_AGGRESSIVE;
				CLANG_CXX_LANGUAGE_STANDARD = "gnu++20";
				CLANG_ENABLE_MODULES = YES;
				CLANG_ENABLE_OBJC_ARC = YES;
				CLANG_ENABLE_OBJC_WEAK = YES;
				CLANG_WARN_BLOCK_CAPTURE_AUTORELEASING = YES;
				CLANG_WARN_BOOL_CONVERSION = YES;
				CLANG_WARN_COMMA = YES;
				CLANG_WARN_CONSTANT_CONVERSION = YES;
				CLANG_WARN_DEPRECATED_OBJC_IMPLEMENTATIONS = YES;
				CLANG_WARN_DIRECT_OBJC_ISA_USAGE = YES_ERROR;
				CLANG_WARN_DOCUMENTATION_COMMENTS = YES;
				CLANG_WARN_EMPTY_BODY = YES;
				CLANG_WARN_ENUM_CONVERSION = YES;
				CLANG_WARN_INFINITE_RECURSION = YES;
				CLANG_WARN_INT_CONVERSION = YES;
				CLANG_WARN_NON_LITERAL_NULL_CONVERSION = YES;
				CLANG_WARN_OBJC_IMPLICIT_RETAIN_SELF = YES;
				CLANG_WARN_OBJC_LITERAL_CONVERSION = YES;
				CLANG_WARN_OBJC_ROOT_CLASS = YES_ERROR;
				CLANG_WARN_QUOTED_INCLUDE_IN_FRAMEWORK_HEADER = YES;
				CLANG_WARN_RANGE_LOOP_ANALYSIS = YES;
				CLANG_WARN_STRICT_PROTOTYPES = YES;
				CLANG_WARN_SUSPICIOUS_MOVE = YES;
				CLANG_WARN_UNGUARDED_AVAILABILITY = YES_AGGRESSIVE;
				CLANG_WARN_UNREACHABLE_CODE = YES;
				CLANG_WARN__DUPLICATE_METHOD_MATCH = YES;
				COPY_PHASE_STRIP = NO;
				DEBUG_INFORMATION_FORMAT = dwarf;
				ENABLE_STRICT_OBJC_MSGSEND = YES;
				ENABLE_TESTABILITY = YES;
				GCC_C_LANGUAGE_STANDARD = gnu11;
				GCC_DYNAMIC_NO_PIC = NO;
				GCC_NO_COMMON_BLOCKS = YES;
				GCC_OPTIMIZATION_LEVEL = 0;
				GCC_PREPROCESSOR_DEFINITIONS = (
					"DEBUG=1",
					"$(inherited)",
				);
				GCC_WARN_64_TO_32_BIT_CONVERSION = YES;
				GCC_WARN_ABOUT_RETURN_TYPE = YES_ERROR;
				GCC_WARN_UNDECLARED_SELECTOR = YES;
				GCC_WARN_UNINITIALIZED_AUTOS = YES_AGGRESSIVE;
				GCC_WARN_UNUSED_FUNCTION = YES;
				GCC_WARN_UNUSED_VARIABLE = YES;
				IPHONEOS_DEPLOYMENT_TARGET = 16.0;
				MTL_ENABLE_DEBUG_INFO = INCLUDE_SOURCE;
				MTL_FAST_MATH = YES;
				ONLY_ACTIVE_ARCH = YES;
				SDKROOT = iphoneos;
				SWIFT_ACTIVE_COMPILATION_CONDITIONS = DEBUG;
				SWIFT_OPTIMIZATION_LEVEL = "-Onone";
			};
			name = Debug;
		};
		8E1623D428D9217A00D5F72E /* Release */ = {
			isa = XCBuildConfiguration;
			buildSettings = {
				ALWAYS_SEARCH_USER_PATHS = NO;
				CLANG_ANALYZER_NONNULL = YES;
				CLANG_ANALYZER_NUMBER_OBJECT_CONVERSION = YES_AGGRESSIVE;
				CLANG_CXX_LANGUAGE_STANDARD = "gnu++20";
				CLANG_ENABLE_MODULES = YES;
				CLANG_ENABLE_OBJC_ARC = YES;
				CLANG_ENABLE_OBJC_WEAK = YES;
				CLANG_WARN_BLOCK_CAPTURE_AUTORELEASING = YES;
				CLANG_WARN_BOOL_CONVERSION = YES;
				CLANG_WARN_COMMA = YES;
				CLANG_WARN_CONSTANT_CONVERSION = YES;
				CLANG_WARN_DEPRECATED_OBJC_IMPLEMENTATIONS = YES;
				CLANG_WARN_DIRECT_OBJC_ISA_USAGE = YES_ERROR;
				CLANG_WARN_DOCUMENTATION_COMMENTS = YES;
				CLANG_WARN_EMPTY_BODY = YES;
				CLANG_WARN_ENUM_CONVERSION = YES;
				CLANG_WARN_INFINITE_RECURSION = YES;
				CLANG_WARN_INT_CONVERSION = YES;
				CLANG_WARN_NON_LITERAL_NULL_CONVERSION = YES;
				CLANG_WARN_OBJC_IMPLICIT_RETAIN_SELF = YES;
				CLANG_WARN_OBJC_LITERAL_CONVERSION = YES;
				CLANG_WARN_OBJC_ROOT_CLASS = YES_ERROR;
				CLANG_WARN_QUOTED_INCLUDE_IN_FRAMEWORK_HEADER = YES;
				CLANG_WARN_RANGE_LOOP_ANALYSIS = YES;
				CLANG_WARN_STRICT_PROTOTYPES = YES;
				CLANG_WARN_SUSPICIOUS_MOVE = YES;
				CLANG_WARN_UNGUARDED_AVAILABILITY = YES_AGGRESSIVE;
				CLANG_WARN_UNREACHABLE_CODE = YES;
				CLANG_WARN__DUPLICATE_METHOD_MATCH = YES;
				COPY_PHASE_STRIP = NO;
				DEBUG_INFORMATION_FORMAT = "dwarf-with-dsym";
				ENABLE_NS_ASSERTIONS = NO;
				ENABLE_STRICT_OBJC_MSGSEND = YES;
				GCC_C_LANGUAGE_STANDARD = gnu11;
				GCC_NO_COMMON_BLOCKS = YES;
				GCC_WARN_64_TO_32_BIT_CONVERSION = YES;
				GCC_WARN_ABOUT_RETURN_TYPE = YES_ERROR;
				GCC_WARN_UNDECLARED_SELECTOR = YES;
				GCC_WARN_UNINITIALIZED_AUTOS = YES_AGGRESSIVE;
				GCC_WARN_UNUSED_FUNCTION = YES;
				GCC_WARN_UNUSED_VARIABLE = YES;
				IPHONEOS_DEPLOYMENT_TARGET = 16.0;
				MTL_ENABLE_DEBUG_INFO = NO;
				MTL_FAST_MATH = YES;
				SDKROOT = iphoneos;
				SWIFT_COMPILATION_MODE = wholemodule;
				SWIFT_OPTIMIZATION_LEVEL = "-O";
				VALIDATE_PRODUCT = YES;
			};
			name = Release;
		};
		8E1623D628D9217A00D5F72E /* Debug */ = {
			isa = XCBuildConfiguration;
			buildSettings = {
				ASSETCATALOG_COMPILER_APPICON_NAME = AppIcon;
				ASSETCATALOG_COMPILER_GLOBAL_ACCENT_COLOR_NAME = AccentColor;
				CODE_SIGN_STYLE = Automatic;
				CURRENT_PROJECT_VERSION = 1;
				DEVELOPMENT_ASSET_PATHS = "\"TouchSky/Preview Content\"";
				ENABLE_PREVIEWS = YES;
				GENERATE_INFOPLIST_FILE = YES;
				INFOPLIST_FILE = TouchSky/Info.plist;
				INFOPLIST_KEY_UIApplicationSceneManifest_Generation = YES;
				INFOPLIST_KEY_UIApplicationSupportsIndirectInputEvents = YES;
				INFOPLIST_KEY_UILaunchScreen_Generation = YES;
				INFOPLIST_KEY_UILaunchStoryboardName = "Launch Screen.storyboard";
				INFOPLIST_KEY_UISupportedInterfaceOrientations_iPad = "UIInterfaceOrientationPortrait UIInterfaceOrientationPortraitUpsideDown UIInterfaceOrientationLandscapeLeft UIInterfaceOrientationLandscapeRight";
				INFOPLIST_KEY_UISupportedInterfaceOrientations_iPhone = "UIInterfaceOrientationPortrait UIInterfaceOrientationLandscapeLeft UIInterfaceOrientationLandscapeRight";
				LD_RUNPATH_SEARCH_PATHS = (
					"$(inherited)",
					"@executable_path/Frameworks",
				);
				MARKETING_VERSION = 1.0;
				PRODUCT_BUNDLE_IDENTIFIER = anhugenberg.TouchSky;
				PRODUCT_NAME = "$(TARGET_NAME)";
				SWIFT_EMIT_LOC_STRINGS = YES;
				SWIFT_VERSION = 5.0;
				TARGETED_DEVICE_FAMILY = "1,2";
			};
			name = Debug;
		};
		8E1623D728D9217A00D5F72E /* Release */ = {
			isa = XCBuildConfiguration;
			buildSettings = {
				ASSETCATALOG_COMPILER_APPICON_NAME = AppIcon;
				ASSETCATALOG_COMPILER_GLOBAL_ACCENT_COLOR_NAME = AccentColor;
				CODE_SIGN_STYLE = Automatic;
				CURRENT_PROJECT_VERSION = 1;
				DEVELOPMENT_ASSET_PATHS = "\"TouchSky/Preview Content\"";
				ENABLE_PREVIEWS = YES;
				GENERATE_INFOPLIST_FILE = YES;
				INFOPLIST_FILE = TouchSky/Info.plist;
				INFOPLIST_KEY_UIApplicationSceneManifest_Generation = YES;
				INFOPLIST_KEY_UIApplicationSupportsIndirectInputEvents = YES;
				INFOPLIST_KEY_UILaunchScreen_Generation = YES;
				INFOPLIST_KEY_UILaunchStoryboardName = "Launch Screen.storyboard";
				INFOPLIST_KEY_UISupportedInterfaceOrientations_iPad = "UIInterfaceOrientationPortrait UIInterfaceOrientationPortraitUpsideDown UIInterfaceOrientationLandscapeLeft UIInterfaceOrientationLandscapeRight";
				INFOPLIST_KEY_UISupportedInterfaceOrientations_iPhone = "UIInterfaceOrientationPortrait UIInterfaceOrientationLandscapeLeft UIInterfaceOrientationLandscapeRight";
				LD_RUNPATH_SEARCH_PATHS = (
					"$(inherited)",
					"@executable_path/Frameworks",
				);
				MARKETING_VERSION = 1.0;
				PRODUCT_BUNDLE_IDENTIFIER = anhugenberg.TouchSky;
				PRODUCT_NAME = "$(TARGET_NAME)";
				SWIFT_EMIT_LOC_STRINGS = YES;
				SWIFT_VERSION = 5.0;
				TARGETED_DEVICE_FAMILY = "1,2";
			};
			name = Release;
		};
/* End XCBuildConfiguration section */

/* Begin XCConfigurationList section */
		8E1623C228D9217900D5F72E /* Build configuration list for PBXProject "TouchSky" */ = {
			isa = XCConfigurationList;
			buildConfigurations = (
				8E1623D328D9217A00D5F72E /* Debug */,
				8E1623D428D9217A00D5F72E /* Release */,
			);
			defaultConfigurationIsVisible = 0;
			defaultConfigurationName = Release;
		};
		8E1623D528D9217A00D5F72E /* Build configuration list for PBXNativeTarget "TouchSky" */ = {
			isa = XCConfigurationList;
			buildConfigurations = (
				8E1623D628D9217A00D5F72E /* Debug */,
				8E1623D728D9217A00D5F72E /* Release */,
			);
			defaultConfigurationIsVisible = 0;
			defaultConfigurationName = Release;
		};
/* End XCConfigurationList section */

/* Begin XCRemoteSwiftPackageReference section */
		8EE95F1E28E254B1008CF500 /* XCRemoteSwiftPackageReference "SlidingTabView" */ = {
			isa = XCRemoteSwiftPackageReference;
			repositoryURL = "https://github.com/QuynhNguyen/SlidingTabView";
			requirement = {
				branch = master;
				kind = branch;
			};
		};
/* End XCRemoteSwiftPackageReference section */

/* Begin XCSwiftPackageProductDependency section */
		8EE95F1F28E254B1008CF500 /* SlidingTabView */ = {
			isa = XCSwiftPackageProductDependency;
			package = 8EE95F1E28E254B1008CF500 /* XCRemoteSwiftPackageReference "SlidingTabView" */;
			productName = SlidingTabView;
		};
/* End XCSwiftPackageProductDependency section */
	};
	rootObject = 8E1623BF28D9217900D5F72E /* Project object */;
}
